// !$*UTF8*$!
{
	archiveVersion = 1;
	classes = {
	};
	objectVersion = 77;
	objects = {

/* Begin PBXBuildFile section */
		FA867CFB2DCC8264008CA618 /* FirebaseAuth in Frameworks */ = {isa = PBXBuildFile; productRef = FA867CFA2DCC8264008CA618 /* FirebaseAuth */; };
		FA867CFD2DCC8264008CA618 /* FirebaseStorage in Frameworks */ = {isa = PBXBuildFile; productRef = FA867CFC2DCC8264008CA618 /* FirebaseStorage */; };
		FAACF96A2DCC8A77001490D8 /* GoogleSignIn in Frameworks */ = {isa = PBXBuildFile; productRef = FAACF9692DCC8A77001490D8 /* GoogleSignIn */; };
		FAACF96C2DCC8A77001490D8 /* GoogleSignInSwift in Frameworks */ = {isa = PBXBuildFile; productRef = FAACF96B2DCC8A77001490D8 /* GoogleSignInSwift */; };
/* End PBXBuildFile section */

/* Begin PBXContainerItemProxy section */
		FA867CCF2DCC7C6F008CA618 /* PBXContainerItemProxy */ = {
			isa = PBXContainerItemProxy;
			containerPortal = FA867CB92DCC7C6D008CA618 /* Project object */;
			proxyType = 1;
			remoteGlobalIDString = FA867CC02DCC7C6D008CA618;
			remoteInfo = 2Q2R;
		};
		FA867CD92DCC7C6F008CA618 /* PBXContainerItemProxy */ = {
			isa = PBXContainerItemProxy;
			containerPortal = FA867CB92DCC7C6D008CA618 /* Project object */;
			proxyType = 1;
			remoteGlobalIDString = FA867CC02DCC7C6D008CA618;
			remoteInfo = 2Q2R;
		};
/* End PBXContainerItemProxy section */

/* Begin PBXFileReference section */
		FA867CC12DCC7C6D008CA618 /* 2Q2R.app */ = {isa = PBXFileReference; explicitFileType = wrapper.application; includeInIndex = 0; path = 2Q2R.app; sourceTree = BUILT_PRODUCTS_DIR; };
		FA867CCE2DCC7C6F008CA618 /* 2Q2RTests.xctest */ = {isa = PBXFileReference; explicitFileType = wrapper.cfbundle; includeInIndex = 0; path = 2Q2RTests.xctest; sourceTree = BUILT_PRODUCTS_DIR; };
		FA867CD82DCC7C6F008CA618 /* 2Q2RUITests.xctest */ = {isa = PBXFileReference; explicitFileType = wrapper.cfbundle; includeInIndex = 0; path = 2Q2RUITests.xctest; sourceTree = BUILT_PRODUCTS_DIR; };
/* End PBXFileReference section */

/* Begin PBXFileSystemSynchronizedRootGroup section */
		FA867CC32DCC7C6D008CA618 /* 2Q2R */ = {
			isa = PBXFileSystemSynchronizedRootGroup;
			path = 2Q2R;
			sourceTree = "<group>";
		};
		FA867CD12DCC7C6F008CA618 /* 2Q2RTests */ = {
			isa = PBXFileSystemSynchronizedRootGroup;
			path = 2Q2RTests;
			sourceTree = "<group>";
		};
		FA867CDB2DCC7C6F008CA618 /* 2Q2RUITests */ = {
			isa = PBXFileSystemSynchronizedRootGroup;
			path = 2Q2RUITests;
			sourceTree = "<group>";
		};
/* End PBXFileSystemSynchronizedRootGroup section */

/* Begin PBXFrameworksBuildPhase section */
		FA867CBE2DCC7C6D008CA618 /* Frameworks */ = {
			isa = PBXFrameworksBuildPhase;
			buildActionMask = 2147483647;
			files = (
				FA867CFB2DCC8264008CA618 /* FirebaseAuth in Frameworks */,
				FA867CFD2DCC8264008CA618 /* FirebaseStorage in Frameworks */,
				FAACF96A2DCC8A77001490D8 /* GoogleSignIn in Frameworks */,
				FAACF96C2DCC8A77001490D8 /* GoogleSignInSwift in Frameworks */,
			);
			runOnlyForDeploymentPostprocessing = 0;
		};
		FA867CCB2DCC7C6F008CA618 /* Frameworks */ = {
			isa = PBXFrameworksBuildPhase;
			buildActionMask = 2147483647;
			files = (
			);
			runOnlyForDeploymentPostprocessing = 0;
		};
		FA867CD52DCC7C6F008CA618 /* Frameworks */ = {
			isa = PBXFrameworksBuildPhase;
			buildActionMask = 2147483647;
			files = (
			);
			runOnlyForDeploymentPostprocessing = 0;
		};
/* End PBXFrameworksBuildPhase section */

/* Begin PBXGroup section */
		FA867CB82DCC7C6D008CA618 = {
			isa = PBXGroup;
			children = (
				FA867CC32DCC7C6D008CA618 /* 2Q2R */,
				FA867CD12DCC7C6F008CA618 /* 2Q2RTests */,
				FA867CDB2DCC7C6F008CA618 /* 2Q2RUITests */,
				FA867CC22DCC7C6D008CA618 /* Products */,
			);
			sourceTree = "<group>";
		};
		FA867CC22DCC7C6D008CA618 /* Products */ = {
			isa = PBXGroup;
			children = (
				FA867CC12DCC7C6D008CA618 /* 2Q2R.app */,
				FA867CCE2DCC7C6F008CA618 /* 2Q2RTests.xctest */,
				FA867CD82DCC7C6F008CA618 /* 2Q2RUITests.xctest */,
			);
			name = Products;
			sourceTree = "<group>";
		};
/* End PBXGroup section */

/* Begin PBXNativeTarget section */
		FA867CC02DCC7C6D008CA618 /* 2Q2R */ = {
			isa = PBXNativeTarget;
			buildConfigurationList = FA867CE22DCC7C6F008CA618 /* Build configuration list for PBXNativeTarget "2Q2R" */;
			buildPhases = (
				FA867CBD2DCC7C6D008CA618 /* Sources */,
				FA867CBE2DCC7C6D008CA618 /* Frameworks */,
				FA867CBF2DCC7C6D008CA618 /* Resources */,
			);
			buildRules = (
			);
			dependencies = (
			);
			fileSystemSynchronizedGroups = (
				FA867CC32DCC7C6D008CA618 /* 2Q2R */,
			);
			name = 2Q2R;
			packageProductDependencies = (
				FA867CFA2DCC8264008CA618 /* FirebaseAuth */,
				FA867CFC2DCC8264008CA618 /* FirebaseStorage */,
				FAACF9692DCC8A77001490D8 /* GoogleSignIn */,
				FAACF96B2DCC8A77001490D8 /* GoogleSignInSwift */,
			);
			productName = 2Q2R;
			productReference = FA867CC12DCC7C6D008CA618 /* 2Q2R.app */;
			productType = "com.apple.product-type.application";
		};
		FA867CCD2DCC7C6F008CA618 /* 2Q2RTests */ = {
			isa = PBXNativeTarget;
			buildConfigurationList = FA867CE52DCC7C6F008CA618 /* Build configuration list for PBXNativeTarget "2Q2RTests" */;
			buildPhases = (
				FA867CCA2DCC7C6F008CA618 /* Sources */,
				FA867CCB2DCC7C6F008CA618 /* Frameworks */,
				FA867CCC2DCC7C6F008CA618 /* Resources */,
			);
			buildRules = (
			);
			dependencies = (
				FA867CD02DCC7C6F008CA618 /* PBXTargetDependency */,
			);
			fileSystemSynchronizedGroups = (
				FA867CD12DCC7C6F008CA618 /* 2Q2RTests */,
			);
			name = 2Q2RTests;
			packageProductDependencies = (
			);
			productName = 2Q2RTests;
			productReference = FA867CCE2DCC7C6F008CA618 /* 2Q2RTests.xctest */;
			productType = "com.apple.product-type.bundle.unit-test";
		};
		FA867CD72DCC7C6F008CA618 /* 2Q2RUITests */ = {
			isa = PBXNativeTarget;
			buildConfigurationList = FA867CE82DCC7C6F008CA618 /* Build configuration list for PBXNativeTarget "2Q2RUITests" */;
			buildPhases = (
				FA867CD42DCC7C6F008CA618 /* Sources */,
				FA867CD52DCC7C6F008CA618 /* Frameworks */,
				FA867CD62DCC7C6F008CA618 /* Resources */,
			);
			buildRules = (
			);
			dependencies = (
				FA867CDA2DCC7C6F008CA618 /* PBXTargetDependency */,
			);
			fileSystemSynchronizedGroups = (
				FA867CDB2DCC7C6F008CA618 /* 2Q2RUITests */,
			);
			name = 2Q2RUITests;
			packageProductDependencies = (
			);
			productName = 2Q2RUITests;
			productReference = FA867CD82DCC7C6F008CA618 /* 2Q2RUITests.xctest */;
			productType = "com.apple.product-type.bundle.ui-testing";
		};
/* End PBXNativeTarget section */

/* Begin PBXProject section */
		FA867CB92DCC7C6D008CA618 /* Project object */ = {
			isa = PBXProject;
			attributes = {
				BuildIndependentTargetsInParallel = 1;
				LastSwiftUpdateCheck = 1630;
				LastUpgradeCheck = 1630;
				TargetAttributes = {
					FA867CC02DCC7C6D008CA618 = {
						CreatedOnToolsVersion = 16.3;
					};
					FA867CCD2DCC7C6F008CA618 = {
						CreatedOnToolsVersion = 16.3;
						TestTargetID = FA867CC02DCC7C6D008CA618;
					};
					FA867CD72DCC7C6F008CA618 = {
						CreatedOnToolsVersion = 16.3;
						TestTargetID = FA867CC02DCC7C6D008CA618;
					};
				};
			};
			buildConfigurationList = FA867CBC2DCC7C6D008CA618 /* Build configuration list for PBXProject "2Q2R" */;
			developmentRegion = en;
			hasScannedForEncodings = 0;
			knownRegions = (
				en,
				Base,
			);
			mainGroup = FA867CB82DCC7C6D008CA618;
			minimizedProjectReferenceProxies = 1;
			packageReferences = (
				FA867CEB2DCC7EC1008CA618 /* XCRemoteSwiftPackageReference "firebase-ios-sdk" */,
				FAACF9682DCC8A77001490D8 /* XCRemoteSwiftPackageReference "GoogleSignIn-iOS" */,
			);
			preferredProjectObjectVersion = 77;
			productRefGroup = FA867CC22DCC7C6D008CA618 /* Products */;
			projectDirPath = "";
			projectRoot = "";
			targets = (
				FA867CC02DCC7C6D008CA618 /* 2Q2R */,
				FA867CCD2DCC7C6F008CA618 /* 2Q2RTests */,
				FA867CD72DCC7C6F008CA618 /* 2Q2RUITests */,
			);
		};
/* End PBXProject section */

/* Begin PBXResourcesBuildPhase section */
		FA867CBF2DCC7C6D008CA618 /* Resources */ = {
			isa = PBXResourcesBuildPhase;
			buildActionMask = 2147483647;
			files = (
			);
			runOnlyForDeploymentPostprocessing = 0;
		};
		FA867CCC2DCC7C6F008CA618 /* Resources */ = {
			isa = PBXResourcesBuildPhase;
			buildActionMask = 2147483647;
			files = (
			);
			runOnlyForDeploymentPostprocessing = 0;
		};
		FA867CD62DCC7C6F008CA618 /* Resources */ = {
			isa = PBXResourcesBuildPhase;
			buildActionMask = 2147483647;
			files = (
			);
			runOnlyForDeploymentPostprocessing = 0;
		};
/* End PBXResourcesBuildPhase section */

/* Begin PBXSourcesBuildPhase section */
		FA867CBD2DCC7C6D008CA618 /* Sources */ = {
			isa = PBXSourcesBuildPhase;
			buildActionMask = 2147483647;
			files = (
			);
			runOnlyForDeploymentPostprocessing = 0;
		};
		FA867CCA2DCC7C6F008CA618 /* Sources */ = {
			isa = PBXSourcesBuildPhase;
			buildActionMask = 2147483647;
			files = (
			);
			runOnlyForDeploymentPostprocessing = 0;
		};
		FA867CD42DCC7C6F008CA618 /* Sources */ = {
			isa = PBXSourcesBuildPhase;
			buildActionMask = 2147483647;
			files = (
			);
			runOnlyForDeploymentPostprocessing = 0;
		};
/* End PBXSourcesBuildPhase section */

/* Begin PBXTargetDependency section */
		FA867CD02DCC7C6F008CA618 /* PBXTargetDependency */ = {
			isa = PBXTargetDependency;
			target = FA867CC02DCC7C6D008CA618 /* 2Q2R */;
			targetProxy = FA867CCF2DCC7C6F008CA618 /* PBXContainerItemProxy */;
		};
		FA867CDA2DCC7C6F008CA618 /* PBXTargetDependency */ = {
			isa = PBXTargetDependency;
			target = FA867CC02DCC7C6D008CA618 /* 2Q2R */;
			targetProxy = FA867CD92DCC7C6F008CA618 /* PBXContainerItemProxy */;
		};
/* End PBXTargetDependency section */

/* Begin XCBuildConfiguration section */
		FA867CE02DCC7C6F008CA618 /* Debug */ = {
			isa = XCBuildConfiguration;
			buildSettings = {
				ALWAYS_SEARCH_USER_PATHS = NO;
				ASSETCATALOG_COMPILER_GENERATE_SWIFT_ASSET_SYMBOL_EXTENSIONS = YES;
				CLANG_ANALYZER_NONNULL = YES;
				CLANG_ANALYZER_NUMBER_OBJECT_CONVERSION = YES_AGGRESSIVE;
				CLANG_CXX_LANGUAGE_STANDARD = "gnu++20";
				CLANG_ENABLE_MODULES = YES;
				CLANG_ENABLE_OBJC_ARC = YES;
				CLANG_ENABLE_OBJC_WEAK = YES;
				CLANG_WARN_BLOCK_CAPTURE_AUTORELEASING = YES;
				CLANG_WARN_BOOL_CONVERSION = YES;
				CLANG_WARN_COMMA = YES;
				CLANG_WARN_CONSTANT_CONVERSION = YES;
				CLANG_WARN_DEPRECATED_OBJC_IMPLEMENTATIONS = YES;
				CLANG_WARN_DIRECT_OBJC_ISA_USAGE = YES_ERROR;
				CLANG_WARN_DOCUMENTATION_COMMENTS = YES;
				CLANG_WARN_EMPTY_BODY = YES;
				CLANG_WARN_ENUM_CONVERSION = YES;
				CLANG_WARN_INFINITE_RECURSION = YES;
				CLANG_WARN_INT_CONVERSION = YES;
				CLANG_WARN_NON_LITERAL_NULL_CONVERSION = YES;
				CLANG_WARN_OBJC_IMPLICIT_RETAIN_SELF = YES;
				CLANG_WARN_OBJC_LITERAL_CONVERSION = YES;
				CLANG_WARN_OBJC_ROOT_CLASS = YES_ERROR;
				CLANG_WARN_QUOTED_INCLUDE_IN_FRAMEWORK_HEADER = YES;
				CLANG_WARN_RANGE_LOOP_ANALYSIS = YES;
				CLANG_WARN_STRICT_PROTOTYPES = YES;
				CLANG_WARN_SUSPICIOUS_MOVE = YES;
				CLANG_WARN_UNGUARDED_AVAILABILITY = YES_AGGRESSIVE;
				CLANG_WARN_UNREACHABLE_CODE = YES;
				CLANG_WARN__DUPLICATE_METHOD_MATCH = YES;
				COPY_PHASE_STRIP = NO;
				DEBUG_INFORMATION_FORMAT = dwarf;
				ENABLE_STRICT_OBJC_MSGSEND = YES;
				ENABLE_TESTABILITY = YES;
				ENABLE_USER_SCRIPT_SANDBOXING = YES;
				GCC_C_LANGUAGE_STANDARD = gnu17;
				GCC_DYNAMIC_NO_PIC = NO;
				GCC_NO_COMMON_BLOCKS = YES;
				GCC_OPTIMIZATION_LEVEL = 0;
				GCC_PREPROCESSOR_DEFINITIONS = (
					"DEBUG=1",
					"$(inherited)",
				);
				GCC_WARN_64_TO_32_BIT_CONVERSION = YES;
				GCC_WARN_ABOUT_RETURN_TYPE = YES_ERROR;
				GCC_WARN_UNDECLARED_SELECTOR = YES;
				GCC_WARN_UNINITIALIZED_AUTOS = YES_AGGRESSIVE;
				GCC_WARN_UNUSED_FUNCTION = YES;
				GCC_WARN_UNUSED_VARIABLE = YES;
				INFOPLIST_EXPAND_BUILD_SETTINGS = YES;
				INFOPLIST_FILE = Info.plist;
				IPHONEOS_DEPLOYMENT_TARGET = 18.4;
				LOCALIZATION_PREFERS_STRING_CATALOGS = YES;
				MTL_ENABLE_DEBUG_INFO = INCLUDE_SOURCE;
				MTL_FAST_MATH = YES;
				ONLY_ACTIVE_ARCH = YES;
				SDKROOT = iphoneos;
				STRINGS_FILE_INFOPLIST_RENAME = YES;
				SWIFT_ACTIVE_COMPILATION_CONDITIONS = "DEBUG $(inherited)";
				SWIFT_OPTIMIZATION_LEVEL = "-Onone";
			};
			name = Debug;
		};
		FA867CE12DCC7C6F008CA618 /* Release */ = {
			isa = XCBuildConfiguration;
			buildSettings = {
				ALWAYS_SEARCH_USER_PATHS = NO;
				ASSETCATALOG_COMPILER_GENERATE_SWIFT_ASSET_SYMBOL_EXTENSIONS = YES;
				CLANG_ANALYZER_NONNULL = YES;
				CLANG_ANALYZER_NUMBER_OBJECT_CONVERSION = YES_AGGRESSIVE;
				CLANG_CXX_LANGUAGE_STANDARD = "gnu++20";
				CLANG_ENABLE_MODULES = YES;
				CLANG_ENABLE_OBJC_ARC = YES;
				CLANG_ENABLE_OBJC_WEAK = YES;
				CLANG_WARN_BLOCK_CAPTURE_AUTORELEASING = YES;
				CLANG_WARN_BOOL_CONVERSION = YES;
				CLANG_WARN_COMMA = YES;
				CLANG_WARN_CONSTANT_CONVERSION = YES;
				CLANG_WARN_DEPRECATED_OBJC_IMPLEMENTATIONS = YES;
				CLANG_WARN_DIRECT_OBJC_ISA_USAGE = YES_ERROR;
				CLANG_WARN_DOCUMENTATION_COMMENTS = YES;
				CLANG_WARN_EMPTY_BODY = YES;
				CLANG_WARN_ENUM_CONVERSION = YES;
				CLANG_WARN_INFINITE_RECURSION = YES;
				CLANG_WARN_INT_CONVERSION = YES;
				CLANG_WARN_NON_LITERAL_NULL_CONVERSION = YES;
				CLANG_WARN_OBJC_IMPLICIT_RETAIN_SELF = YES;
				CLANG_WARN_OBJC_LITERAL_CONVERSION = YES;
				CLANG_WARN_OBJC_ROOT_CLASS = YES_ERROR;
				CLANG_WARN_QUOTED_INCLUDE_IN_FRAMEWORK_HEADER = YES;
				CLANG_WARN_RANGE_LOOP_ANALYSIS = YES;
				CLANG_WARN_STRICT_PROTOTYPES = YES;
				CLANG_WARN_SUSPICIOUS_MOVE = YES;
				CLANG_WARN_UNGUARDED_AVAILABILITY = YES_AGGRESSIVE;
				CLANG_WARN_UNREACHABLE_CODE = YES;
				CLANG_WARN__DUPLICATE_METHOD_MATCH = YES;
				COPY_PHASE_STRIP = NO;
				DEBUG_INFORMATION_FORMAT = "dwarf-with-dsym";
				ENABLE_NS_ASSERTIONS = NO;
				ENABLE_STRICT_OBJC_MSGSEND = YES;
				ENABLE_USER_SCRIPT_SANDBOXING = YES;
				GCC_C_LANGUAGE_STANDARD = gnu17;
				GCC_NO_COMMON_BLOCKS = YES;
				GCC_WARN_64_TO_32_BIT_CONVERSION = YES;
				GCC_WARN_ABOUT_RETURN_TYPE = YES_ERROR;
				GCC_WARN_UNDECLARED_SELECTOR = YES;
				GCC_WARN_UNINITIALIZED_AUTOS = YES_AGGRESSIVE;
				GCC_WARN_UNUSED_FUNCTION = YES;
				GCC_WARN_UNUSED_VARIABLE = YES;
				INFOPLIST_EXPAND_BUILD_SETTINGS = YES;
				INFOPLIST_FILE = Info.plist;
				IPHONEOS_DEPLOYMENT_TARGET = 18.4;
				LOCALIZATION_PREFERS_STRING_CATALOGS = YES;
				MTL_ENABLE_DEBUG_INFO = NO;
				MTL_FAST_MATH = YES;
				SDKROOT = iphoneos;
				STRINGS_FILE_INFOPLIST_RENAME = YES;
				SWIFT_COMPILATION_MODE = wholemodule;
				VALIDATE_PRODUCT = YES;
			};
			name = Release;
		};
		FA867CE32DCC7C6F008CA618 /* Debug */ = {
			isa = XCBuildConfiguration;
			buildSettings = {
				ASSETCATALOG_COMPILER_APPICON_NAME = AppIcon;
				ASSETCATALOG_COMPILER_GLOBAL_ACCENT_COLOR_NAME = AccentColor;
				CODE_SIGN_STYLE = Automatic;
				CURRENT_PROJECT_VERSION = 1;
				DEVELOPMENT_TEAM = JCZKU4V28B;
				ENABLE_PREVIEWS = YES;
				GENERATE_INFOPLIST_FILE = YES;
				INFOPLIST_EXPAND_BUILD_SETTINGS = YES;
				INFOPLIST_FILE = "-Q2R-Info.plist";
				INFOPLIST_KEY_CFBundleDisplayName = "2Q+2R";
				INFOPLIST_KEY_UIApplicationSceneManifest_Generation = YES;
				INFOPLIST_KEY_UIApplicationSupportsIndirectInputEvents = YES;
				INFOPLIST_KEY_UILaunchScreen_Generation = YES;
				INFOPLIST_KEY_UILaunchStoryboardName = LaunchScreen;
				INFOPLIST_KEY_UISupportedInterfaceOrientations_iPad = "UIInterfaceOrientationPortrait UIInterfaceOrientationPortraitUpsideDown UIInterfaceOrientationLandscapeLeft UIInterfaceOrientationLandscapeRight";
				INFOPLIST_KEY_UISupportedInterfaceOrientations_iPhone = "UIInterfaceOrientationPortrait UIInterfaceOrientationLandscapeLeft UIInterfaceOrientationLandscapeRight";
				IPHONEOS_DEPLOYMENT_TARGET = 17.4;
				LD_RUNPATH_SEARCH_PATHS = (
					"$(inherited)",
					"@executable_path/Frameworks",
				);
				MARKETING_VERSION = 1.0;
				PRODUCT_BUNDLE_IDENTIFIER = "catolica.-Q2R";
				PRODUCT_NAME = "$(TARGET_NAME)";
				SWIFT_EMIT_LOC_STRINGS = YES;
				SWIFT_VERSION = 5.0;
				TARGETED_DEVICE_FAMILY = "1,2";
			};
			name = Debug;
		};
		FA867CE42DCC7C6F008CA618 /* Release */ = {
			isa = XCBuildConfiguration;
			buildSettings = {
				ASSETCATALOG_COMPILER_APPICON_NAME = AppIcon;
				ASSETCATALOG_COMPILER_GLOBAL_ACCENT_COLOR_NAME = AccentColor;
				CODE_SIGN_STYLE = Automatic;
				CURRENT_PROJECT_VERSION = 1;
				DEVELOPMENT_TEAM = JCZKU4V28B;
				ENABLE_PREVIEWS = YES;
				GENERATE_INFOPLIST_FILE = YES;
				INFOPLIST_EXPAND_BUILD_SETTINGS = YES;
				INFOPLIST_FILE = "-Q2R-Info.plist";
				INFOPLIST_KEY_CFBundleDisplayName = "2Q+2R";
				INFOPLIST_KEY_UIApplicationSceneManifest_Generation = YES;
				INFOPLIST_KEY_UIApplicationSupportsIndirectInputEvents = YES;
				INFOPLIST_KEY_UILaunchScreen_Generation = YES;
				INFOPLIST_KEY_UILaunchStoryboardName = LaunchScreen;
				INFOPLIST_KEY_UISupportedInterfaceOrientations_iPad = "UIInterfaceOrientationPortrait UIInterfaceOrientationPortraitUpsideDown UIInterfaceOrientationLandscapeLeft UIInterfaceOrientationLandscapeRight";
				INFOPLIST_KEY_UISupportedInterfaceOrientations_iPhone = "UIInterfaceOrientationPortrait UIInterfaceOrientationLandscapeLeft UIInterfaceOrientationLandscapeRight";
				IPHONEOS_DEPLOYMENT_TARGET = 17.4;
				LD_RUNPATH_SEARCH_PATHS = (
					"$(inherited)",
					"@executable_path/Frameworks",
				);
				MARKETING_VERSION = 1.0;
				PRODUCT_BUNDLE_IDENTIFIER = "catolica.-Q2R";
				PRODUCT_NAME = "$(TARGET_NAME)";
				SWIFT_EMIT_LOC_STRINGS = YES;
				SWIFT_VERSION = 5.0;
				TARGETED_DEVICE_FAMILY = "1,2";
			};
			name = Release;
		};
		FA867CE62DCC7C6F008CA618 /* Debug */ = {
			isa = XCBuildConfiguration;
			buildSettings = {
				BUNDLE_LOADER = "$(TEST_HOST)";
				CODE_SIGN_STYLE = Automatic;
				CURRENT_PROJECT_VERSION = 1;
				GENERATE_INFOPLIST_FILE = YES;
				IPHONEOS_DEPLOYMENT_TARGET = 18.4;
				MARKETING_VERSION = 1.0;
				PRODUCT_BUNDLE_IDENTIFIER = "catolica.-Q2RTests";
				PRODUCT_NAME = "$(TARGET_NAME)";
				SWIFT_EMIT_LOC_STRINGS = NO;
				SWIFT_VERSION = 5.0;
				TARGETED_DEVICE_FAMILY = "1,2";
				TEST_HOST = "$(BUILT_PRODUCTS_DIR)/2Q2R.app/$(BUNDLE_EXECUTABLE_FOLDER_PATH)/2Q2R";
			};
			name = Debug;
		};
		FA867CE72DCC7C6F008CA618 /* Release */ = {
			isa = XCBuildConfiguration;
			buildSettings = {
				BUNDLE_LOADER = "$(TEST_HOST)";
				CODE_SIGN_STYLE = Automatic;
				CURRENT_PROJECT_VERSION = 1;
				GENERATE_INFOPLIST_FILE = YES;
				IPHONEOS_DEPLOYMENT_TARGET = 18.4;
				MARKETING_VERSION = 1.0;
				PRODUCT_BUNDLE_IDENTIFIER = "catolica.-Q2RTests";
				PRODUCT_NAME = "$(TARGET_NAME)";
				SWIFT_EMIT_LOC_STRINGS = NO;
				SWIFT_VERSION = 5.0;
				TARGETED_DEVICE_FAMILY = "1,2";
				TEST_HOST = "$(BUILT_PRODUCTS_DIR)/2Q2R.app/$(BUNDLE_EXECUTABLE_FOLDER_PATH)/2Q2R";
			};
			name = Release;
		};
		FA867CE92DCC7C6F008CA618 /* Debug */ = {
			isa = XCBuildConfiguration;
			buildSettings = {
				CODE_SIGN_STYLE = Automatic;
				CURRENT_PROJECT_VERSION = 1;
				GENERATE_INFOPLIST_FILE = YES;
				MARKETING_VERSION = 1.0;
				PRODUCT_BUNDLE_IDENTIFIER = "catolica.-Q2RUITests";
				PRODUCT_NAME = "$(TARGET_NAME)";
				SWIFT_EMIT_LOC_STRINGS = NO;
				SWIFT_VERSION = 5.0;
				TARGETED_DEVICE_FAMILY = "1,2";
				TEST_TARGET_NAME = 2Q2R;
			};
			name = Debug;
		};
		FA867CEA2DCC7C6F008CA618 /* Release */ = {
			isa = XCBuildConfiguration;
			buildSettings = {
				CODE_SIGN_STYLE = Automatic;
				CURRENT_PROJECT_VERSION = 1;
				GENERATE_INFOPLIST_FILE = YES;
				MARKETING_VERSION = 1.0;
				PRODUCT_BUNDLE_IDENTIFIER = "catolica.-Q2RUITests";
				PRODUCT_NAME = "$(TARGET_NAME)";
				SWIFT_EMIT_LOC_STRINGS = NO;
				SWIFT_VERSION = 5.0;
				TARGETED_DEVICE_FAMILY = "1,2";
				TEST_TARGET_NAME = 2Q2R;
			};
			name = Release;
		};
/* End XCBuildConfiguration section */

/* Begin XCConfigurationList section */
		FA867CBC2DCC7C6D008CA618 /* Build configuration list for PBXProject "2Q2R" */ = {
			isa = XCConfigurationList;
			buildConfigurations = (
				FA867CE02DCC7C6F008CA618 /* Debug */,
				FA867CE12DCC7C6F008CA618 /* Release */,
			);
			defaultConfigurationIsVisible = 0;
			defaultConfigurationName = Release;
		};
		FA867CE22DCC7C6F008CA618 /* Build configuration list for PBXNativeTarget "2Q2R" */ = {
			isa = XCConfigurationList;
			buildConfigurations = (
				FA867CE32DCC7C6F008CA618 /* Debug */,
				FA867CE42DCC7C6F008CA618 /* Release */,
			);
			defaultConfigurationIsVisible = 0;
			defaultConfigurationName = Release;
		};
		FA867CE52DCC7C6F008CA618 /* Build configuration list for PBXNativeTarget "2Q2RTests" */ = {
			isa = XCConfigurationList;
			buildConfigurations = (
				FA867CE62DCC7C6F008CA618 /* Debug */,
				FA867CE72DCC7C6F008CA618 /* Release */,
			);
			defaultConfigurationIsVisible = 0;
			defaultConfigurationName = Release;
		};
		FA867CE82DCC7C6F008CA618 /* Build configuration list for PBXNativeTarget "2Q2RUITests" */ = {
			isa = XCConfigurationList;
			buildConfigurations = (
				FA867CE92DCC7C6F008CA618 /* Debug */,
				FA867CEA2DCC7C6F008CA618 /* Release */,
			);
			defaultConfigurationIsVisible = 0;
			defaultConfigurationName = Release;
		};
/* End XCConfigurationList section */

/* Begin XCRemoteSwiftPackageReference section */
		FA867CEB2DCC7EC1008CA618 /* XCRemoteSwiftPackageReference "firebase-ios-sdk" */ = {
			isa = XCRemoteSwiftPackageReference;
			repositoryURL = "https://github.com/firebase/firebase-ios-sdk.git";
			requirement = {
				kind = upToNextMajorVersion;
				minimumVersion = 11.12.0;
			};
		};
		FAACF9682DCC8A77001490D8 /* XCRemoteSwiftPackageReference "GoogleSignIn-iOS" */ = {
			isa = XCRemoteSwiftPackageReference;
			repositoryURL = "https://github.com/google/GoogleSignIn-iOS";
			requirement = {
				kind = upToNextMajorVersion;
				minimumVersion = 8.0.0;
			};
		};
/* End XCRemoteSwiftPackageReference section */

/* Begin XCSwiftPackageProductDependency section */
		FA867CFA2DCC8264008CA618 /* FirebaseAuth */ = {
			isa = XCSwiftPackageProductDependency;
			package = FA867CEB2DCC7EC1008CA618 /* XCRemoteSwiftPackageReference "firebase-ios-sdk" */;
			productName = FirebaseAuth;
		};
		FA867CFC2DCC8264008CA618 /* FirebaseStorage */ = {
			isa = XCSwiftPackageProductDependency;
			package = FA867CEB2DCC7EC1008CA618 /* XCRemoteSwiftPackageReference "firebase-ios-sdk" */;
			productName = FirebaseStorage;
		};
		FAACF9692DCC8A77001490D8 /* GoogleSignIn */ = {
			isa = XCSwiftPackageProductDependency;
			package = FAACF9682DCC8A77001490D8 /* XCRemoteSwiftPackageReference "GoogleSignIn-iOS" */;
			productName = GoogleSignIn;
		};
		FAACF96B2DCC8A77001490D8 /* GoogleSignInSwift */ = {
			isa = XCSwiftPackageProductDependency;
			package = FAACF9682DCC8A77001490D8 /* XCRemoteSwiftPackageReference "GoogleSignIn-iOS" */;
			productName = GoogleSignInSwift;
		};
/* End XCSwiftPackageProductDependency section */
	};
	rootObject = FA867CB92DCC7C6D008CA618 /* Project object */;
}
